Microsoft Visual Studio Solution File, Format Version 11.00
# Visual Studio 2008

Project("{BC2AFBB4-1C31-2321-20F7-8679A236EB0B}") = "Zombayo1", "Assembly-CSharp-firstpass-vs.csproj", "{4AE9433B-EB23-6550-BA6A-8A459A07CF8B}"
EndProject
Project("{BC2AFBB4-1C31-2321-20F7-8679A236EB0B}") = "Zombayo1", "Assembly-CSharp-vs.csproj", "{1FE4C313-00B8-46BB-90BC-DCF6E09B1DB1}"
EndProject
Project("{BC2AFBB4-1C31-2321-20F7-8679A236EB0B}") = "Zombayo1", "Assembly-CSharp-Editor-vs.csproj", "{4E6F5B56-8FE9-0332-10BD-B5DD69B63C7C}"
EndProject
Global
	GlobalSection(SolutionConfigurationPlatforms) = preSolution
		Debug|Any CPU = Debug|Any CPU
		Release|Any CPU = Release|Any CPU
	EndGlobalSection
	GlobalSection(ProjectConfigurationPlatforms) = postSolution
		{4AE9433B-EB23-6550-BA6A-8A459A07CF8B}.Debug|Any CPU.ActiveCfg = Debug|Any CPU
		{4AE9433B-EB23-6550-BA6A-8A459A07CF8B}.Debug|Any CPU.Build.0 = Debug|Any CPU
		{4AE9433B-EB23-6550-BA6A-8A459A07CF8B}.Release|Any CPU.ActiveCfg = Release|Any CPU
		{4AE9433B-EB23-6550-BA6A-8A459A07CF8B}.Release|Any CPU.Build.0 = Release|Any CPU
		{1FE4C313-00B8-46BB-90BC-DCF6E09B1DB1}.Debug|Any CPU.ActiveCfg = Debug|Any CPU
		{1FE4C313-00B8-46BB-90BC-DCF6E09B1DB1}.Debug|Any CPU.Build.0 = Debug|Any CPU
		{1FE4C313-00B8-46BB-90BC-DCF6E09B1DB1}.Release|Any CPU.ActiveCfg = Release|Any CPU
		{1FE4C313-00B8-46BB-90BC-DCF6E09B1DB1}.Release|Any CPU.Build.0 = Release|Any CPU
		{4E6F5B56-8FE9-0332-10BD-B5DD69B63C7C}.Debug|Any CPU.ActiveCfg = Debug|Any CPU
		{4E6F5B56-8FE9-0332-10BD-B5DD69B63C7C}.Debug|Any CPU.Build.0 = Debug|Any CPU
		{4E6F5B56-8FE9-0332-10BD-B5DD69B63C7C}.Release|Any CPU.ActiveCfg = Release|Any CPU
		{4E6F5B56-8FE9-0332-10BD-B5DD69B63C7C}.Release|Any CPU.Build.0 = Release|Any CPU
	EndGlobalSection
	GlobalSection(SolutionProperties) = preSolution
		HideSolutionNode = FALSE
	EndGlobalSection
																										GlobalSection(MonoDevelopProperties) = preSolution
		StartupItem = Assembly-CSharp.csproj
		Policies = $0
		$0.TextStylePolicy = $1
		$1.inheritsSet = null
		$1.scope = text/x-csharp
		$0.CSharpFormattingPolicy = $2
		$2.inheritsSet = Mono
		$2.inheritsScope = text/x-csharp
		$2.scope = text/x-csharp
		$0.TextStylePolicy = $3
		$3.FileWidth = 120
		$3.TabWidth = 4
		$3.EolMarker = Unix
		$3.inheritsSet = Mono
		$3.inheritsScope = text/plain
		$3.scope = text/plain
	EndGlobalSection

EndGlobal
